[[package]]
name = 'roku-deeplink'
source = 'git@github.com:jacob-meacham/roku-deeplink-spec.git'
version = '1.4.0'
commit = '8197e94f8a737fb11e9ab7cbff795667b8da6792'
spec_hash = 'sha256:8c62fa453a65d01e39b995784e9909ca6375ced6902a252eea3e616273548cd5'
language = 'python'
path = 'src/roku_mcp'
generated_commit = '8197e94f8a737fb11e9ab7cbff795667b8da6792'
generated_at = '2026-08-08T17:53:46Z'
generator = 'claude-code'
fixture_status = 'pass'
test_command = 'uv run pytest tests/test_deeplink.py'
generated_hash = 'sha256:95ee5562ff45b1327a58b20c63eae64a73ecc210e5248e5d3eebc4ed9757a602'
