[[package]]
name = 'roku-deeplink'
source = '/code/jacob/roku-deeplink-spec'
version = '1.3.0'
commit = '9751a281320e966fd7e0de0d35f231858af3f970'
spec_hash = 'sha256:404e305281cfa33f74b09e00652c67c9f4b0183458c9d32b51e7805b3ec4d9c0'
language = 'python'
path = 'src/roku_mcp'
generated_commit = '9751a281320e966fd7e0de0d35f231858af3f970'
generated_at = '2026-07-19T06:39:51Z'
generator = 'claude-code'
fixture_status = 'skip'
test_command = 'uv run pytest tests/test_deeplink.py tests/test_ecp_client.py'
selections = 'language: python; channels: Netflix, Disney+, HBO Max, Prime Video, Hulu, Apple TV+; excludes: Emby (no self-hosted server)'
generated_hash = 'sha256:b5c90aa283b3a5001334e08f693536dd43615faaed1f4042df5f38674cf75693'
